
Microsoft Visual Studio Solution File, Format Version 12.00
# Visual Studio Version 17
VisualStudioVersion = 17.4.33213.308
MinimumVisualStudioVersion = 10.0.40219.1
Project("{FAE04EC0-301F-11D3-BF4B-00C04F79EFBC}") = "Collections.Task", "Collections.Task.csproj", "{ED58DCD2-7C26-432A-88B9-52788F6FB871}"
EndProject
Global
	GlobalSection(SolutionConfigurationPlatforms) = preSolution
		Debug|Any CPU = Debug|Any CPU
		Release|Any CPU = Release|Any CPU
	EndGlobalSection
	GlobalSection(ProjectConfigurationPlatforms) = postSolution
		{ED58DCD2-7C26-432A-88B9-52788F6FB871}.Debug|Any CPU.ActiveCfg = Debug|Any CPU
		{ED58DCD2-7C26-432A-88B9-52788F6FB871}.Debug|Any CPU.Build.0 = Debug|Any CPU
		{ED58DCD2-7C26-432A-88B9-52788F6FB871}.Release|Any CPU.ActiveCfg = Release|Any CPU
		{ED58DCD2-7C26-432A-88B9-52788F6FB871}.Release|Any CPU.Build.0 = Release|Any CPU
	EndGlobalSection
	GlobalSection(SolutionProperties) = preSolution
		HideSolutionNode = FALSE
	EndGlobalSection
	GlobalSection(ExtensibilityGlobals) = postSolution
		SolutionGuid = {FE255E37-E227-4A22-8575-98C72FFE9CBB}
	EndGlobalSection
EndGlobal
